
Microsoft Visual Studio Solution File, Format Version 12.00
# Visual Studio Version 17
VisualStudioVersion = 17.5.002.0
MinimumVisualStudioVersion = 10.0.40219.1
Project("{9A19103F-16F7-4668-BE54-9A1E7A4F7556}") = "GMTasker.API", "GMTasker.API\GMTasker.API.csproj", "{36AE1C55-4169-483F-885E-61F1D5B2E952}"
EndProject
Global
	GlobalSection(SolutionConfigurationPlatforms) = preSolution
		Debug|Any CPU = Debug|Any CPU
		Release|Any CPU = Release|Any CPU
	EndGlobalSection
	GlobalSection(ProjectConfigurationPlatforms) = postSolution
		{36AE1C55-4169-483F-885E-61F1D5B2E952}.Debug|Any CPU.ActiveCfg = Debug|Any CPU
		{36AE1C55-4169-483F-885E-61F1D5B2E952}.Debug|Any CPU.Build.0 = Debug|Any CPU
		{36AE1C55-4169-483F-885E-61F1D5B2E952}.Release|Any CPU.ActiveCfg = Release|Any CPU
		{36AE1C55-4169-483F-885E-61F1D5B2E952}.Release|Any CPU.Build.0 = Release|Any CPU
	EndGlobalSection
	GlobalSection(SolutionProperties) = preSolution
		HideSolutionNode = FALSE
	EndGlobalSection
	GlobalSection(ExtensibilityGlobals) = postSolution
		SolutionGuid = {CFEA3E74-5C2B-4A1D-BBBE-2F31866CC3E4}
	EndGlobalSection
EndGlobal
